// !$*UTF8*$!
{ archiveVersion = 1; classes = {}; objectVersion = 56; objects = {
AC112229D7751290A25CC3E7 = { isa = PBXFileReference; lastKnownFileType = sourcecode.swift; path = "Sources/App/CatalogView.swift"; sourceTree = "<group>"; };
8B21B1FD5C0373750415494A = { isa = PBXBuildFile; fileRef = AC112229D7751290A25CC3E7; };
7DE79CCE6A3B4125253C7D59 = { isa = PBXFileReference; lastKnownFileType = sourcecode.swift; path = "Sources/App/CheckoutView.swift"; sourceTree = "<group>"; };
E115A7DCB200A70C27CA0421 = { isa = PBXBuildFile; fileRef = 7DE79CCE6A3B4125253C7D59; };
D8271FFF2609154DCC2EE5F2 = { isa = PBXFileReference; lastKnownFileType = sourcecode.swift; path = "Sources/App/LocalShopApp.swift"; sourceTree = "<group>"; };
1AB1A38FF1B43BA385A4F074 = { isa = PBXBuildFile; fileRef = D8271FFF2609154DCC2EE5F2; };
A3803BA3D40ACCBBE688479F = { isa = PBXFileReference; lastKnownFileType = sourcecode.swift; path = "Sources/App/OrdersView.swift"; sourceTree = "<group>"; };
9838EC549024AD624E421988 = { isa = PBXBuildFile; fileRef = A3803BA3D40ACCBBE688479F; };
785A12CEB9758D2A8361D745 = { isa = PBXFileReference; lastKnownFileType = sourcecode.swift; path = "Sources/App/ProductArt.swift"; sourceTree = "<group>"; };
01223284DB81F0383D954772 = { isa = PBXBuildFile; fileRef = 785A12CEB9758D2A8361D745; };
E5617B373AD9C6541A5ED304 = { isa = PBXFileReference; lastKnownFileType = sourcecode.swift; path = "Sources/App/ShopService.swift"; sourceTree = "<group>"; };
A8C0B1786FFD0D6DE148EC76 = { isa = PBXBuildFile; fileRef = E5617B373AD9C6541A5ED304; };
37C38E5729989B1AACA8ED23 = { isa = PBXFileReference; lastKnownFileType = sourcecode.swift; path = "Sources/App/ShopStore.swift"; sourceTree = "<group>"; };
B79145852040FE57E79551A3 = { isa = PBXBuildFile; fileRef = 37C38E5729989B1AACA8ED23; };
0CFF5D119D0A370091CC4B8E = { isa = PBXFileReference; lastKnownFileType = sourcecode.swift; path = "Sources/Core/ShopModels.swift"; sourceTree = "<group>"; };
653786BF020F4535EBEB42FB = { isa = PBXBuildFile; fileRef = 0CFF5D119D0A370091CC4B8E; };
3685E330EC5277A9DD5661C6 = { isa = PBXFileReference; lastKnownFileType = folder.assetcatalog; path = Resources/Assets.xcassets; sourceTree = "<group>"; };
CF8A4D27E1C506A7C75A76BE = { isa = PBXBuildFile; fileRef = 3685E330EC5277A9DD5661C6; };
43A52ED3EB2328B129CEE3E1 = { isa = PBXFileReference; lastKnownFileType = text; path = "Resources/catalog.json"; sourceTree = "<group>"; };
A4A1169CD762567EB6E54EC4 = { isa = PBXBuildFile; fileRef = 43A52ED3EB2328B129CEE3E1; };
38A007151ABE87CC01A5B6E9 = { isa = PBXFileReference; explicitFileType = wrapper.application; path = "Local Shop.app"; sourceTree = BUILT_PRODUCTS_DIR; };
FBDC4F23F93125BBEEAE800C = { isa = PBXGroup; children = (4DDE1B02B46FB05CF1955EC0, 38A007151ABE87CC01A5B6E9); name = Products; sourceTree = "<group>"; };
64292B1C2B2E13EAD8788FC8 = { isa = PBXGroup; children = (AC112229D7751290A25CC3E7, 7DE79CCE6A3B4125253C7D59, D8271FFF2609154DCC2EE5F2, A3803BA3D40ACCBBE688479F, 785A12CEB9758D2A8361D745, E5617B373AD9C6541A5ED304, 37C38E5729989B1AACA8ED23, 0CFF5D119D0A370091CC4B8E, 3685E330EC5277A9DD5661C6, 43A52ED3EB2328B129CEE3E1, FBDC4F23F93125BBEEAE800C); sourceTree = "<group>"; };
BCE16DD0260827ECF338C787 = { isa = PBXSourcesBuildPhase; buildActionMask = 2147483647; files = (8B21B1FD5C0373750415494A, E115A7DCB200A70C27CA0421, 1AB1A38FF1B43BA385A4F074, 9838EC549024AD624E421988, 01223284DB81F0383D954772, A8C0B1786FFD0D6DE148EC76, B79145852040FE57E79551A3, 653786BF020F4535EBEB42FB); runOnlyForDeploymentPostprocessing = 0; };
0189424A5A60FED329FA868E = { isa = PBXResourcesBuildPhase; buildActionMask = 2147483647; files = (CF8A4D27E1C506A7C75A76BE, A4A1169CD762567EB6E54EC4); runOnlyForDeploymentPostprocessing = 0; };
7561BFB015D8F536760CB671 = { isa = PBXFrameworksBuildPhase; buildActionMask = 2147483647; files = (); runOnlyForDeploymentPostprocessing = 0; };
9A3C1EE301EC9F46B8FCBBBB = { isa = XCBuildConfiguration; buildSettings = {"CLANG_ENABLE_MODULES" = "YES"; "CLANG_ENABLE_OBJC_ARC" = "YES"; "SWIFT_VERSION" = "5.0"; "SWIFT_OPTIMIZATION_LEVEL" = "-Onone"; "DEBUG_INFORMATION_FORMAT" = "dwarf"; "ENABLE_TESTABILITY" = "YES"; "SWIFT_ACTIVE_COMPILATION_CONDITIONS" = "DEBUG";}; name = Debug; };
A8288EAD101D3680C2AC7BC8 = { isa = XCBuildConfiguration; buildSettings = {"PRODUCT_NAME" = "Local Shop"; "PRODUCT_BUNDLE_IDENTIFIER" = "com.dd.localshop"; "CURRENT_PROJECT_VERSION" = "1"; "MARKETING_VERSION" = "0.1.0"; "GENERATE_INFOPLIST_FILE" = "YES"; "INFOPLIST_FILE" = "Resources/Info.plist"; "INFOPLIST_KEY_CFBundleDisplayName" = "Local Shop"; "INFOPLIST_KEY_LSApplicationCategoryType" = "public.app-category.productivity"; "ASSETCATALOG_COMPILER_APPICON_NAME" = "AppIcon"; "ASSETCATALOG_COMPILER_GLOBAL_ACCENT_COLOR_NAME" = "AccentColor"; "LD_RUNPATH_SEARCH_PATHS" = "$(inherited) @executable_path/Frameworks"; "ENABLE_HARDENED_RUNTIME" = "YES"; "SDKROOT" = "iphoneos"; "SUPPORTED_PLATFORMS" = "iphoneos iphonesimulator"; "IPHONEOS_DEPLOYMENT_TARGET" = "15.0"; "TARGETED_DEVICE_FAMILY" = "1,2"; "CODE_SIGN_STYLE" = "Automatic"; "INFOPLIST_KEY_UILaunchScreen_Generation" = "YES"; "INFOPLIST_KEY_UIApplicationSceneManifest_Generation" = "YES"; "INFOPLIST_KEY_UISupportedInterfaceOrientations_iPhone" = "UIInterfaceOrientationPortrait UIInterfaceOrientationLandscapeLeft UIInterfaceOrientationLandscapeRight"; "INFOPLIST_KEY_UISupportedInterfaceOrientations_iPad" = "UIInterfaceOrientationPortrait UIInterfaceOrientationPortraitUpsideDown UIInterfaceOrientationLandscapeLeft UIInterfaceOrientationLandscapeRight";}; name = Debug; };
5D4AE94DA0B27833AE568E9C = { isa = XCBuildConfiguration; buildSettings = {"CLANG_ENABLE_MODULES" = "YES"; "CLANG_ENABLE_OBJC_ARC" = "YES"; "SWIFT_VERSION" = "5.0"; "SWIFT_OPTIMIZATION_LEVEL" = "-O"; "DEBUG_INFORMATION_FORMAT" = "dwarf-with-dsym"; "ENABLE_TESTABILITY" = "NO"; "SWIFT_ACTIVE_COMPILATION_CONDITIONS" = "";}; name = Release; };
8EB64F55E62F34DE5618DACF = { isa = XCBuildConfiguration; buildSettings = {"PRODUCT_NAME" = "Local Shop"; "PRODUCT_BUNDLE_IDENTIFIER" = "com.dd.localshop"; "CURRENT_PROJECT_VERSION" = "1"; "MARKETING_VERSION" = "0.1.0"; "GENERATE_INFOPLIST_FILE" = "YES"; "INFOPLIST_FILE" = "Resources/Info.plist"; "INFOPLIST_KEY_CFBundleDisplayName" = "Local Shop"; "INFOPLIST_KEY_LSApplicationCategoryType" = "public.app-category.productivity"; "ASSETCATALOG_COMPILER_APPICON_NAME" = "AppIcon"; "ASSETCATALOG_COMPILER_GLOBAL_ACCENT_COLOR_NAME" = "AccentColor"; "LD_RUNPATH_SEARCH_PATHS" = "$(inherited) @executable_path/Frameworks"; "ENABLE_HARDENED_RUNTIME" = "YES"; "SDKROOT" = "iphoneos"; "SUPPORTED_PLATFORMS" = "iphoneos iphonesimulator"; "IPHONEOS_DEPLOYMENT_TARGET" = "15.0"; "TARGETED_DEVICE_FAMILY" = "1,2"; "CODE_SIGN_STYLE" = "Automatic"; "INFOPLIST_KEY_UILaunchScreen_Generation" = "YES"; "INFOPLIST_KEY_UIApplicationSceneManifest_Generation" = "YES"; "INFOPLIST_KEY_UISupportedInterfaceOrientations_iPhone" = "UIInterfaceOrientationPortrait UIInterfaceOrientationLandscapeLeft UIInterfaceOrientationLandscapeRight"; "INFOPLIST_KEY_UISupportedInterfaceOrientations_iPad" = "UIInterfaceOrientationPortrait UIInterfaceOrientationPortraitUpsideDown UIInterfaceOrientationLandscapeLeft UIInterfaceOrientationLandscapeRight";}; name = Release; };
FB82D759FB6CC8BAF965A9B2 = { isa = XCConfigurationList; buildConfigurations = (9A3C1EE301EC9F46B8FCBBBB, 5D4AE94DA0B27833AE568E9C); defaultConfigurationIsVisible = 0; defaultConfigurationName = Release; };
D66B3603D80A7F0E2F08B3BC = { isa = XCConfigurationList; buildConfigurations = (A8288EAD101D3680C2AC7BC8, 8EB64F55E62F34DE5618DACF); defaultConfigurationIsVisible = 0; defaultConfigurationName = Release; };
0E8A3AD980EC179856012B7E = { isa = PBXNativeTarget; buildConfigurationList = D66B3603D80A7F0E2F08B3BC; buildPhases = (BCE16DD0260827ECF338C787, 7561BFB015D8F536760CB671, 0189424A5A60FED329FA868E); buildRules = (); dependencies = (); name = "Local Shop"; productName = "Local Shop"; productReference = 38A007151ABE87CC01A5B6E9; productType = "com.apple.product-type.application"; };
98F54143AB4E86B28C3AFEE0 = { isa = PBXProject; attributes = { LastUpgradeCheck = 1600; }; buildConfigurationList = FB82D759FB6CC8BAF965A9B2; compatibilityVersion = "Xcode 14.0"; developmentRegion = en; knownRegions = (en, Base); mainGroup = 64292B1C2B2E13EAD8788FC8; productRefGroup = FBDC4F23F93125BBEEAE800C; projectDirPath = ""; projectRoot = ""; targets = (0E8A3AD980EC179856012B7E, 0AD4B07A83E05DBD45B7FC37); };

4DDE1B02B46FB05CF1955EC0 = { isa = PBXFileReference; lastKnownFileType = sourcecode.swift; path = Tests/UI/ShoppingFlowTests.swift; sourceTree = "<group>"; };
8F69D2603037B23E80BB9FA3 = { isa = PBXBuildFile; fileRef = 4DDE1B02B46FB05CF1955EC0; };
9D3AD977850B7EAC0E4F6585 = { isa = PBXFileReference; explicitFileType = wrapper.cfbundle; path = LocalShopUITests.xctest; sourceTree = BUILT_PRODUCTS_DIR; };
95FC400A54C228DD62344224 = { isa = PBXSourcesBuildPhase; buildActionMask = 2147483647; files = (8F69D2603037B23E80BB9FA3); runOnlyForDeploymentPostprocessing = 0; };
EE62543A0A96922AC3510691 = { isa = PBXFrameworksBuildPhase; buildActionMask = 2147483647; files = (); runOnlyForDeploymentPostprocessing = 0; };
982E1154C06168BB1270FBE6 = { isa = PBXResourcesBuildPhase; buildActionMask = 2147483647; files = (); runOnlyForDeploymentPostprocessing = 0; };
5538D6C94541880BC3B9A168 = { isa = PBXContainerItemProxy; containerPortal = 98F54143AB4E86B28C3AFEE0; proxyType = 1; remoteGlobalIDString = 0E8A3AD980EC179856012B7E; remoteInfo = "Local Shop"; };
B1FB45770585B0E6C098AB54 = { isa = PBXTargetDependency; target = 0E8A3AD980EC179856012B7E; targetProxy = 5538D6C94541880BC3B9A168; };
94C1D7A82E2F92E70C5BA5D8 = { isa = XCBuildConfiguration; buildSettings = { SDKROOT = iphoneos; IPHONEOS_DEPLOYMENT_TARGET = 15.0; TARGETED_DEVICE_FAMILY = "1,2"; GENERATE_INFOPLIST_FILE = YES; PRODUCT_BUNDLE_IDENTIFIER = com.dd.localshop.uitests; PRODUCT_NAME = LocalShopUITests; SWIFT_VERSION = 5.0; TEST_TARGET_NAME = "Local Shop"; CODE_SIGN_STYLE = Automatic; }; name = Debug; };
9609A256A79253DD705A918E = { isa = XCBuildConfiguration; buildSettings = { SDKROOT = iphoneos; IPHONEOS_DEPLOYMENT_TARGET = 15.0; TARGETED_DEVICE_FAMILY = "1,2"; GENERATE_INFOPLIST_FILE = YES; PRODUCT_BUNDLE_IDENTIFIER = com.dd.localshop.uitests; PRODUCT_NAME = LocalShopUITests; SWIFT_VERSION = 5.0; TEST_TARGET_NAME = "Local Shop"; CODE_SIGN_STYLE = Automatic; }; name = Release; };
2C89FC06BA9452D155609FB8 = { isa = XCConfigurationList; buildConfigurations = (94C1D7A82E2F92E70C5BA5D8, 9609A256A79253DD705A918E); defaultConfigurationIsVisible = 0; defaultConfigurationName = Release; };
0AD4B07A83E05DBD45B7FC37 = { isa = PBXNativeTarget; buildConfigurationList = 2C89FC06BA9452D155609FB8; buildPhases = (95FC400A54C228DD62344224, EE62543A0A96922AC3510691, 982E1154C06168BB1270FBE6); buildRules = (); dependencies = (B1FB45770585B0E6C098AB54); name = LocalShopUITests; productName = LocalShopUITests; productReference = 9D3AD977850B7EAC0E4F6585; productType = "com.apple.product-type.bundle.ui-testing"; };
}; rootObject = 98F54143AB4E86B28C3AFEE0; }
